// !$*UTF8*$!
{
	archiveVersion = 1;
	classes = {
	};
	objectVersion = 48;
	objects = {

/* Begin PBXBuildFile section */
		0C0607ED1F9D657700E9D0CE /* AppDelegate.swift in Sources */ = {isa = PBXBuildFile; fileRef = 0C0607EC1F9D657700E9D0CE /* AppDelegate.swift */; };
		0C0607EF1F9D657700E9D0CE /* StrawHatDataClasses.swift in Sources */ = {isa = PBXBuildFile; fileRef = 0C0607EE1F9D657700E9D0CE /* StrawHatDataClasses.swift */; };
		0C0607F21F9D657700E9D0CE /* Main.storyboard in Resources */ = {isa = PBXBuildFile; fileRef = 0C0607F01F9D657700E9D0CE /* Main.storyboard */; };
		0C0607F41F9D657700E9D0CE /* Assets.xcassets in Resources */ = {isa = PBXBuildFile; fileRef = 0C0607F31F9D657700E9D0CE /* Assets.xcassets */; };
		0C0607F71F9D657700E9D0CE /* LaunchScreen.storyboard in Resources */ = {isa = PBXBuildFile; fileRef = 0C0607F51F9D657700E9D0CE /* LaunchScreen.storyboard */; };
		0C0608021F9D657700E9D0CE /* Project3Tests.swift in Sources */ = {isa = PBXBuildFile; fileRef = 0C0608011F9D657700E9D0CE /* Project3Tests.swift */; };
		0C06080D1F9D657700E9D0CE /* Project3UITests.swift in Sources */ = {isa = PBXBuildFile; fileRef = 0C06080C1F9D657700E9D0CE /* Project3UITests.swift */; };
		0C06081E1F9D7F6400E9D0CE /* SignInPageVC.swift in Sources */ = {isa = PBXBuildFile; fileRef = 0C06081D1F9D7F6400E9D0CE /* SignInPageVC.swift */; };
		0C141E861FB41CB4006E8926 /* ShoppingCartTableViewController.swift in Sources */ = {isa = PBXBuildFile; fileRef = 0C141E851FB41CB4006E8926 /* ShoppingCartTableViewController.swift */; };
		0C141E8A1FB41D44006E8926 /* NumberOfItemsCell.swift in Sources */ = {isa = PBXBuildFile; fileRef = 0C141E881FB41D44006E8926 /* NumberOfItemsCell.swift */; };
		0C141E8B1FB41D44006E8926 /* NumberOfItemsCell.xib in Resources */ = {isa = PBXBuildFile; fileRef = 0C141E891FB41D44006E8926 /* NumberOfItemsCell.xib */; };
		0C141E8E1FB41D57006E8926 /* ItemTableViewCell.swift in Sources */ = {isa = PBXBuildFile; fileRef = 0C141E8C1FB41D57006E8926 /* ItemTableViewCell.swift */; };
		0C141E8F1FB41D57006E8926 /* ItemTableViewCell.xib in Resources */ = {isa = PBXBuildFile; fileRef = 0C141E8D1FB41D57006E8926 /* ItemTableViewCell.xib */; };
		0C141E921FB41D6C006E8926 /* CartDetailCell.swift in Sources */ = {isa = PBXBuildFile; fileRef = 0C141E901FB41D6C006E8926 /* CartDetailCell.swift */; };
		0C141E931FB41D6C006E8926 /* CartDetailCell.xib in Resources */ = {isa = PBXBuildFile; fileRef = 0C141E911FB41D6C006E8926 /* CartDetailCell.xib */; };
		0C141E961FB41D7A006E8926 /* CartTotalCell.swift in Sources */ = {isa = PBXBuildFile; fileRef = 0C141E941FB41D7A006E8926 /* CartTotalCell.swift */; };
		0C141E971FB41D7A006E8926 /* CartTotalCell.xib in Resources */ = {isa = PBXBuildFile; fileRef = 0C141E951FB41D7A006E8926 /* CartTotalCell.xib */; };
		0C141E9A1FB41D89006E8926 /* CheckOutButtonCell.swift in Sources */ = {isa = PBXBuildFile; fileRef = 0C141E981FB41D89006E8926 /* CheckOutButtonCell.swift */; };
		0C141E9B1FB41D89006E8926 /* CheckOutButtonCell.xib in Resources */ = {isa = PBXBuildFile; fileRef = 0C141E991FB41D89006E8926 /* CheckOutButtonCell.xib */; };
		0C539ADC1FB502FE006CE063 /* CheckOutTableViewController.swift in Sources */ = {isa = PBXBuildFile; fileRef = 0C539ADB1FB502FE006CE063 /* CheckOutTableViewController.swift */; };
		0C539ADF1FB50353006CE063 /* CheckoutTitleCell.swift in Sources */ = {isa = PBXBuildFile; fileRef = 0C539ADD1FB50353006CE063 /* CheckoutTitleCell.swift */; };
		0C539AE01FB50353006CE063 /* CheckoutTitleCell.xib in Resources */ = {isa = PBXBuildFile; fileRef = 0C539ADE1FB50353006CE063 /* CheckoutTitleCell.xib */; };
		0C539AE31FB50368006CE063 /* BillingInfoCell.swift in Sources */ = {isa = PBXBuildFile; fileRef = 0C539AE11FB50368006CE063 /* BillingInfoCell.swift */; };
		0C539AE41FB50368006CE063 /* BillingInfoCell.xib in Resources */ = {isa = PBXBuildFile; fileRef = 0C539AE21FB50368006CE063 /* BillingInfoCell.xib */; };
		0C539AE71FB5037E006CE063 /* CheckoutDetailCell.swift in Sources */ = {isa = PBXBuildFile; fileRef = 0C539AE51FB5037E006CE063 /* CheckoutDetailCell.swift */; };
		0C539AE81FB5037E006CE063 /* CheckoutDetailCell.xib in Resources */ = {isa = PBXBuildFile; fileRef = 0C539AE61FB5037E006CE063 /* CheckoutDetailCell.xib */; };
		0C539AEB1FB50395006CE063 /* CheckoutTotalCell.swift in Sources */ = {isa = PBXBuildFile; fileRef = 0C539AE91FB50395006CE063 /* CheckoutTotalCell.swift */; };
		0C539AEC1FB50395006CE063 /* CheckoutTotalCell.xib in Resources */ = {isa = PBXBuildFile; fileRef = 0C539AEA1FB50395006CE063 /* CheckoutTotalCell.xib */; };
		0C539AEF1FB503A7006CE063 /* SubmitOrderButtonCell.swift in Sources */ = {isa = PBXBuildFile; fileRef = 0C539AED1FB503A7006CE063 /* SubmitOrderButtonCell.swift */; };
		0C539AF01FB503A7006CE063 /* SubmitOrderButtonCell.xib in Resources */ = {isa = PBXBuildFile; fileRef = 0C539AEE1FB503A7006CE063 /* SubmitOrderButtonCell.xib */; };
		25642A8A1FB45A73003A393D /* VendorTempViewController.swift in Sources */ = {isa = PBXBuildFile; fileRef = 25642A891FB45A73003A393D /* VendorTempViewController.swift */; };
		25642A991FB45E45003A393D /* VendorReviewDetailsCell.swift in Sources */ = {isa = PBXBuildFile; fileRef = 25642A8B1FB45E41003A393D /* VendorReviewDetailsCell.swift */; };
		25642A9A1FB45E45003A393D /* VendorHomeVC.swift in Sources */ = {isa = PBXBuildFile; fileRef = 25642A8C1FB45E41003A393D /* VendorHomeVC.swift */; };
		25642A9B1FB45E45003A393D /* NonVendorTViewCell.xib in Resources */ = {isa = PBXBuildFile; fileRef = 25642A8D1FB45E42003A393D /* NonVendorTViewCell.xib */; };
		25642A9C1FB45E45003A393D /* VendorMainDetailsCell.xib in Resources */ = {isa = PBXBuildFile; fileRef = 25642A8E1FB45E42003A393D /* VendorMainDetailsCell.xib */; };
		25642A9D1FB45E45003A393D /* VendorMainDetailsCell.swift in Sources */ = {isa = PBXBuildFile; fileRef = 25642A8F1FB45E42003A393D /* VendorMainDetailsCell.swift */; };
		25642A9E1FB45E45003A393D /* VendorTViewCell.xib in Resources */ = {isa = PBXBuildFile; fileRef = 25642A901FB45E42003A393D /* VendorTViewCell.xib */; };
		25642A9F1FB45E45003A393D /* NonVendorTViewCell.swift in Sources */ = {isa = PBXBuildFile; fileRef = 25642A911FB45E43003A393D /* NonVendorTViewCell.swift */; };
		25642AA01FB45E45003A393D /* VendorSalesDetailTVCell.swift in Sources */ = {isa = PBXBuildFile; fileRef = 25642A921FB45E43003A393D /* VendorSalesDetailTVCell.swift */; };
		25642AA11FB45E45003A393D /* VendorDetailsVC.swift in Sources */ = {isa = PBXBuildFile; fileRef = 25642A931FB45E43003A393D /* VendorDetailsVC.swift */; };
		25642AA21FB45E45003A393D /* VendorImagesDetailCell.xib in Resources */ = {isa = PBXBuildFile; fileRef = 25642A941FB45E43003A393D /* VendorImagesDetailCell.xib */; };
		25642AA31FB45E45003A393D /* VendorSalesDetailTVCell.xib in Resources */ = {isa = PBXBuildFile; fileRef = 25642A951FB45E44003A393D /* VendorSalesDetailTVCell.xib */; };
		25642AA41FB45E45003A393D /* VendorReviewDetailsCell.xib in Resources */ = {isa = PBXBuildFile; fileRef = 25642A961FB45E44003A393D /* VendorReviewDetailsCell.xib */; };
		25642AA51FB45E45003A393D /* VendorTViewCell.swift in Sources */ = {isa = PBXBuildFile; fileRef = 25642A971FB45E44003A393D /* VendorTViewCell.swift */; };
		25642AA61FB45E45003A393D /* VendorImagesDetailCell.swift in Sources */ = {isa = PBXBuildFile; fileRef = 25642A981FB45E45003A393D /* VendorImagesDetailCell.swift */; };
		9CEDAD067703A54AF186E764 /* Pods_Project3UITests.framework in Frameworks */ = {isa = PBXBuildFile; fileRef = 62BA3F695E48A1C6E38554A0 /* Pods_Project3UITests.framework */; };
		B95B343E1FB0E553000A7634 /* BuyerDetailVController.swift in Sources */ = {isa = PBXBuildFile; fileRef = B95B343D1FB0E553000A7634 /* BuyerDetailVController.swift */; };
		B95B34411FB0F5CA000A7634 /* STRatingControl.framework in Frameworks */ = {isa = PBXBuildFile; fileRef = B95B34421FB0F5CA000A7634 /* STRatingControl.framework */; };
		B95B34461FB125C7000A7634 /* GoogleService-Info.plist in Resources */ = {isa = PBXBuildFile; fileRef = B95B34451FB125C7000A7634 /* GoogleService-Info.plist */; };
		B95B344C1FB22F8D000A7634 /* SWRevealViewController.m in Sources */ = {isa = PBXBuildFile; fileRef = B95B344A1FB22F8D000A7634 /* SWRevealViewController.m */; };
		B95B34501FB2404C000A7634 /* MenuCell.swift in Sources */ = {isa = PBXBuildFile; fileRef = B95B344F1FB2404C000A7634 /* MenuCell.swift */; };
		B95B34541FB246FC000A7634 /* MenuViewController.swift in Sources */ = {isa = PBXBuildFile; fileRef = B95B34531FB246FC000A7634 /* MenuViewController.swift */; };
		B95B34561FB27577000A7634 /* ProfileImageController.swift in Sources */ = {isa = PBXBuildFile; fileRef = B95B34551FB27577000A7634 /* ProfileImageController.swift */; };
		B9CC49CB1FAAAABA007FD7C8 /* BuyerTVController.swift in Sources */ = {isa = PBXBuildFile; fileRef = B9CC49CA1FAAAABA007FD7C8 /* BuyerTVController.swift */; };
		B9CC49CD1FAAAFC2007FD7C8 /* buyerProducts.swift in Sources */ = {isa = PBXBuildFile; fileRef = B9CC49CC1FAAAFC2007FD7C8 /* buyerProducts.swift */; };
		B9CC49CF1FAAB284007FD7C8 /* BuyersSearchTVCell.swift in Sources */ = {isa = PBXBuildFile; fileRef = B9CC49CE1FAAB284007FD7C8 /* BuyersSearchTVCell.swift */; };
		B9CC49D11FAABB2E007FD7C8 /* BuyerProductsTVCell.swift in Sources */ = {isa = PBXBuildFile; fileRef = B9CC49D01FAABB2E007FD7C8 /* BuyerProductsTVCell.swift */; };
		E333F17F756A75F5D968C464 /* Pods_Project3Tests.framework in Frameworks */ = {isa = PBXBuildFile; fileRef = 3A819E674E9D6E63757730A9 /* Pods_Project3Tests.framework */; };
		E94D39A5619C36698DED4653 /* Pods_Project3.framework in Frameworks */ = {isa = PBXBuildFile; fileRef = 8A2E32338371934815D13260 /* Pods_Project3.framework */; };
/* End PBXBuildFile section */

/* Begin PBXContainerItemProxy section */
		0C0607FE1F9D657700E9D0CE /* PBXContainerItemProxy */ = {
			isa = PBXContainerItemProxy;
			containerPortal = 0C0607E11F9D657700E9D0CE /* Project object */;
			proxyType = 1;
			remoteGlobalIDString = 0C0607E81F9D657700E9D0CE;
			remoteInfo = Project3;
		};
		0C0608091F9D657700E9D0CE /* PBXContainerItemProxy */ = {
			isa = PBXContainerItemProxy;
			containerPortal = 0C0607E11F9D657700E9D0CE /* Project object */;
			proxyType = 1;
			remoteGlobalIDString = 0C0607E81F9D657700E9D0CE;
			remoteInfo = Project3;
		};
/* End PBXContainerItemProxy section */

/* Begin PBXFileReference section */
		0C0607E91F9D657700E9D0CE /* Project3.app */ = {isa = PBXFileReference; explicitFileType = wrapper.application; includeInIndex = 0; path = Project3.app; sourceTree = BUILT_PRODUCTS_DIR; };
		0C0607EC1F9D657700E9D0CE /* AppDelegate.swift */ = {isa = PBXFileReference; lastKnownFileType = sourcecode.swift; path = AppDelegate.swift; sourceTree = "<group>"; };
		0C0607EE1F9D657700E9D0CE /* StrawHatDataClasses.swift */ = {isa = PBXFileReference; lastKnownFileType = sourcecode.swift; path = StrawHatDataClasses.swift; sourceTree = "<group>"; };
		0C0607F11F9D657700E9D0CE /* Base */ = {isa = PBXFileReference; lastKnownFileType = file.storyboard; name = Base; path = Base.lproj/Main.storyboard; sourceTree = "<group>"; };
		0C0607F31F9D657700E9D0CE /* Assets.xcassets */ = {isa = PBXFileReference; lastKnownFileType = folder.assetcatalog; path = Assets.xcassets; sourceTree = "<group>"; };
		0C0607F61F9D657700E9D0CE /* Base */ = {isa = PBXFileReference; lastKnownFileType = file.storyboard; name = Base; path = Base.lproj/LaunchScreen.storyboard; sourceTree = "<group>"; };
		0C0607F81F9D657700E9D0CE /* Info.plist */ = {isa = PBXFileReference; lastKnownFileType = text.plist.xml; path = Info.plist; sourceTree = "<group>"; };
		0C0607FD1F9D657700E9D0CE /* Project3Tests.xctest */ = {isa = PBXFileReference; explicitFileType = wrapper.cfbundle; includeInIndex = 0; path = Project3Tests.xctest; sourceTree = BUILT_PRODUCTS_DIR; };
		0C0608011F9D657700E9D0CE /* Project3Tests.swift */ = {isa = PBXFileReference; lastKnownFileType = sourcecode.swift; path = Project3Tests.swift; sourceTree = "<group>"; };
		0C0608031F9D657700E9D0CE /* Info.plist */ = {isa = PBXFileReference; lastKnownFileType = text.plist.xml; path = Info.plist; sourceTree = "<group>"; };
		0C0608081F9D657700E9D0CE /* Project3UITests.xctest */ = {isa = PBXFileReference; explicitFileType = wrapper.cfbundle; includeInIndex = 0; path = Project3UITests.xctest; sourceTree = BUILT_PRODUCTS_DIR; };
		0C06080C1F9D657700E9D0CE /* Project3UITests.swift */ = {isa = PBXFileReference; lastKnownFileType = sourcecode.swift; path = Project3UITests.swift; sourceTree = "<group>"; };
		0C06080E1F9D657700E9D0CE /* Info.plist */ = {isa = PBXFileReference; lastKnownFileType = text.plist.xml; path = Info.plist; sourceTree = "<group>"; };
		0C06081C1F9D7A8E00E9D0CE /* Project3.entitlements */ = {isa = PBXFileReference; lastKnownFileType = text.plist.entitlements; path = Project3.entitlements; sourceTree = "<group>"; };
		0C06081D1F9D7F6400E9D0CE /* SignInPageVC.swift */ = {isa = PBXFileReference; lastKnownFileType = sourcecode.swift; path = SignInPageVC.swift; sourceTree = "<group>"; };
		0C141E851FB41CB4006E8926 /* ShoppingCartTableViewController.swift */ = {isa = PBXFileReference; lastKnownFileType = sourcecode.swift; path = ShoppingCartTableViewController.swift; sourceTree = "<group>"; };
		0C141E881FB41D44006E8926 /* NumberOfItemsCell.swift */ = {isa = PBXFileReference; lastKnownFileType = sourcecode.swift; path = NumberOfItemsCell.swift; sourceTree = "<group>"; };
		0C141E891FB41D44006E8926 /* NumberOfItemsCell.xib */ = {isa = PBXFileReference; lastKnownFileType = file.xib; path = NumberOfItemsCell.xib; sourceTree = "<group>"; };
		0C141E8C1FB41D57006E8926 /* ItemTableViewCell.swift */ = {isa = PBXFileReference; lastKnownFileType = sourcecode.swift; path = ItemTableViewCell.swift; sourceTree = "<group>"; };
		0C141E8D1FB41D57006E8926 /* ItemTableViewCell.xib */ = {isa = PBXFileReference; lastKnownFileType = file.xib; path = ItemTableViewCell.xib; sourceTree = "<group>"; };
		0C141E901FB41D6C006E8926 /* CartDetailCell.swift */ = {isa = PBXFileReference; lastKnownFileType = sourcecode.swift; path = CartDetailCell.swift; sourceTree = "<group>"; };
		0C141E911FB41D6C006E8926 /* CartDetailCell.xib */ = {isa = PBXFileReference; lastKnownFileType = file.xib; path = CartDetailCell.xib; sourceTree = "<group>"; };
		0C141E941FB41D7A006E8926 /* CartTotalCell.swift */ = {isa = PBXFileReference; lastKnownFileType = sourcecode.swift; path = CartTotalCell.swift; sourceTree = "<group>"; };
		0C141E951FB41D7A006E8926 /* CartTotalCell.xib */ = {isa = PBXFileReference; lastKnownFileType = file.xib; path = CartTotalCell.xib; sourceTree = "<group>"; };
		0C141E981FB41D89006E8926 /* CheckOutButtonCell.swift */ = {isa = PBXFileReference; lastKnownFileType = sourcecode.swift; path = CheckOutButtonCell.swift; sourceTree = "<group>"; };
		0C141E991FB41D89006E8926 /* CheckOutButtonCell.xib */ = {isa = PBXFileReference; lastKnownFileType = file.xib; path = CheckOutButtonCell.xib; sourceTree = "<group>"; };
		0C539ADB1FB502FE006CE063 /* CheckOutTableViewController.swift */ = {isa = PBXFileReference; lastKnownFileType = sourcecode.swift; path = CheckOutTableViewController.swift; sourceTree = "<group>"; };
		0C539ADD1FB50353006CE063 /* CheckoutTitleCell.swift */ = {isa = PBXFileReference; lastKnownFileType = sourcecode.swift; path = CheckoutTitleCell.swift; sourceTree = "<group>"; };
		0C539ADE1FB50353006CE063 /* CheckoutTitleCell.xib */ = {isa = PBXFileReference; lastKnownFileType = file.xib; path = CheckoutTitleCell.xib; sourceTree = "<group>"; };
		0C539AE11FB50368006CE063 /* BillingInfoCell.swift */ = {isa = PBXFileReference; lastKnownFileType = sourcecode.swift; path = BillingInfoCell.swift; sourceTree = "<group>"; };
		0C539AE21FB50368006CE063 /* BillingInfoCell.xib */ = {isa = PBXFileReference; lastKnownFileType = file.xib; path = BillingInfoCell.xib; sourceTree = "<group>"; };
		0C539AE51FB5037E006CE063 /* CheckoutDetailCell.swift */ = {isa = PBXFileReference; lastKnownFileType = sourcecode.swift; path = CheckoutDetailCell.swift; sourceTree = "<group>"; };
		0C539AE61FB5037E006CE063 /* CheckoutDetailCell.xib */ = {isa = PBXFileReference; lastKnownFileType = file.xib; path = CheckoutDetailCell.xib; sourceTree = "<group>"; };
		0C539AE91FB50395006CE063 /* CheckoutTotalCell.swift */ = {isa = PBXFileReference; lastKnownFileType = sourcecode.swift; path = CheckoutTotalCell.swift; sourceTree = "<group>"; };
		0C539AEA1FB50395006CE063 /* CheckoutTotalCell.xib */ = {isa = PBXFileReference; lastKnownFileType = file.xib; path = CheckoutTotalCell.xib; sourceTree = "<group>"; };
		0C539AED1FB503A7006CE063 /* SubmitOrderButtonCell.swift */ = {isa = PBXFileReference; lastKnownFileType = sourcecode.swift; path = SubmitOrderButtonCell.swift; sourceTree = "<group>"; };
		0C539AEE1FB503A7006CE063 /* SubmitOrderButtonCell.xib */ = {isa = PBXFileReference; lastKnownFileType = file.xib; path = SubmitOrderButtonCell.xib; sourceTree = "<group>"; };
		25642A891FB45A73003A393D /* VendorTempViewController.swift */ = {isa = PBXFileReference; lastKnownFileType = sourcecode.swift; path = VendorTempViewController.swift; sourceTree = "<group>"; };
		25642A8B1FB45E41003A393D /* VendorReviewDetailsCell.swift */ = {isa = PBXFileReference; fileEncoding = 4; lastKnownFileType = sourcecode.swift; path = VendorReviewDetailsCell.swift; sourceTree = "<group>"; };
		25642A8C1FB45E41003A393D /* VendorHomeVC.swift */ = {isa = PBXFileReference; fileEncoding = 4; lastKnownFileType = sourcecode.swift; path = VendorHomeVC.swift; sourceTree = "<group>"; };
		25642A8D1FB45E42003A393D /* NonVendorTViewCell.xib */ = {isa = PBXFileReference; fileEncoding = 4; lastKnownFileType = file.xib; path = NonVendorTViewCell.xib; sourceTree = "<group>"; };
		25642A8E1FB45E42003A393D /* VendorMainDetailsCell.xib */ = {isa = PBXFileReference; fileEncoding = 4; lastKnownFileType = file.xib; path = VendorMainDetailsCell.xib; sourceTree = "<group>"; };
		25642A8F1FB45E42003A393D /* VendorMainDetailsCell.swift */ = {isa = PBXFileReference; fileEncoding = 4; lastKnownFileType = sourcecode.swift; path = VendorMainDetailsCell.swift; sourceTree = "<group>"; };
		25642A901FB45E42003A393D /* VendorTViewCell.xib */ = {isa = PBXFileReference; fileEncoding = 4; lastKnownFileType = file.xib; path = VendorTViewCell.xib; sourceTree = "<group>"; };
		25642A911FB45E43003A393D /* NonVendorTViewCell.swift */ = {isa = PBXFileReference; fileEncoding = 4; lastKnownFileType = sourcecode.swift; path = NonVendorTViewCell.swift; sourceTree = "<group>"; };
		25642A921FB45E43003A393D /* VendorSalesDetailTVCell.swift */ = {isa = PBXFileReference; fileEncoding = 4; lastKnownFileType = sourcecode.swift; path = VendorSalesDetailTVCell.swift; sourceTree = "<group>"; };
		25642A931FB45E43003A393D /* VendorDetailsVC.swift */ = {isa = PBXFileReference; fileEncoding = 4; lastKnownFileType = sourcecode.swift; path = VendorDetailsVC.swift; sourceTree = "<group>"; };
		25642A941FB45E43003A393D /* VendorImagesDetailCell.xib */ = {isa = PBXFileReference; fileEncoding = 4; lastKnownFileType = file.xib; path = VendorImagesDetailCell.xib; sourceTree = "<group>"; };
		25642A951FB45E44003A393D /* VendorSalesDetailTVCell.xib */ = {isa = PBXFileReference; fileEncoding = 4; lastKnownFileType = file.xib; path = VendorSalesDetailTVCell.xib; sourceTree = "<group>"; };
		25642A961FB45E44003A393D /* VendorReviewDetailsCell.xib */ = {isa = PBXFileReference; fileEncoding = 4; lastKnownFileType = file.xib; path = VendorReviewDetailsCell.xib; sourceTree = "<group>"; };
		25642A971FB45E44003A393D /* VendorTViewCell.swift */ = {isa = PBXFileReference; fileEncoding = 4; lastKnownFileType = sourcecode.swift; path = VendorTViewCell.swift; sourceTree = "<group>"; };
		25642A981FB45E45003A393D /* VendorImagesDetailCell.swift */ = {isa = PBXFileReference; fileEncoding = 4; lastKnownFileType = sourcecode.swift; path = VendorImagesDetailCell.swift; sourceTree = "<group>"; };
		33EE7B2923ABA72DB3CE1314 /* Pods-Project3.debug.xcconfig */ = {isa = PBXFileReference; includeInIndex = 1; lastKnownFileType = text.xcconfig; name = "Pods-Project3.debug.xcconfig"; path = "Pods/Target Support Files/Pods-Project3/Pods-Project3.debug.xcconfig"; sourceTree = "<group>"; };
		3A819E674E9D6E63757730A9 /* Pods_Project3Tests.framework */ = {isa = PBXFileReference; explicitFileType = wrapper.framework; includeInIndex = 0; path = Pods_Project3Tests.framework; sourceTree = BUILT_PRODUCTS_DIR; };
		3DCAE049FD1DF606EE687A62 /* Pods-Project3Tests.release.xcconfig */ = {isa = PBXFileReference; includeInIndex = 1; lastKnownFileType = text.xcconfig; name = "Pods-Project3Tests.release.xcconfig"; path = "Pods/Target Support Files/Pods-Project3Tests/Pods-Project3Tests.release.xcconfig"; sourceTree = "<group>"; };
		62BA3F695E48A1C6E38554A0 /* Pods_Project3UITests.framework */ = {isa = PBXFileReference; explicitFileType = wrapper.framework; includeInIndex = 0; path = Pods_Project3UITests.framework; sourceTree = BUILT_PRODUCTS_DIR; };
		7A51F8F5BEA0D3FB5DDE57FE /* Pods-Project3UITests.release.xcconfig */ = {isa = PBXFileReference; includeInIndex = 1; lastKnownFileType = text.xcconfig; name = "Pods-Project3UITests.release.xcconfig"; path = "Pods/Target Support Files/Pods-Project3UITests/Pods-Project3UITests.release.xcconfig"; sourceTree = "<group>"; };
		7AB5A50741839754C51080C2 /* Pods-Project3Tests.debug.xcconfig */ = {isa = PBXFileReference; includeInIndex = 1; lastKnownFileType = text.xcconfig; name = "Pods-Project3Tests.debug.xcconfig"; path = "Pods/Target Support Files/Pods-Project3Tests/Pods-Project3Tests.debug.xcconfig"; sourceTree = "<group>"; };
		8A2E32338371934815D13260 /* Pods_Project3.framework */ = {isa = PBXFileReference; explicitFileType = wrapper.framework; includeInIndex = 0; path = Pods_Project3.framework; sourceTree = BUILT_PRODUCTS_DIR; };
		B95B343D1FB0E553000A7634 /* BuyerDetailVController.swift */ = {isa = PBXFileReference; lastKnownFileType = sourcecode.swift; path = BuyerDetailVController.swift; sourceTree = "<group>"; };
		B95B34421FB0F5CA000A7634 /* STRatingControl.framework */ = {isa = PBXFileReference; explicitFileType = wrapper.framework; path = STRatingControl.framework; sourceTree = BUILT_PRODUCTS_DIR; };
		B95B34451FB125C7000A7634 /* GoogleService-Info.plist */ = {isa = PBXFileReference; fileEncoding = 4; lastKnownFileType = text.plist.xml; path = "GoogleService-Info.plist"; sourceTree = "<group>"; };
		B95B34491FB22F8C000A7634 /* Project3-Bridging-Header.h */ = {isa = PBXFileReference; lastKnownFileType = sourcecode.c.h; path = "Project3-Bridging-Header.h"; sourceTree = "<group>"; };
		B95B344A1FB22F8D000A7634 /* SWRevealViewController.m */ = {isa = PBXFileReference; fileEncoding = 4; lastKnownFileType = sourcecode.c.objc; path = SWRevealViewController.m; sourceTree = "<group>"; };
		B95B344B1FB22F8D000A7634 /* SWRevealViewController.h */ = {isa = PBXFileReference; fileEncoding = 4; lastKnownFileType = sourcecode.c.h; path = SWRevealViewController.h; sourceTree = "<group>"; };
		B95B344F1FB2404C000A7634 /* MenuCell.swift */ = {isa = PBXFileReference; lastKnownFileType = sourcecode.swift; path = MenuCell.swift; sourceTree = "<group>"; };
		B95B34531FB246FC000A7634 /* MenuViewController.swift */ = {isa = PBXFileReference; lastKnownFileType = sourcecode.swift; path = MenuViewController.swift; sourceTree = "<group>"; };
		B95B34551FB27577000A7634 /* ProfileImageController.swift */ = {isa = PBXFileReference; lastKnownFileType = sourcecode.swift; path = ProfileImageController.swift; sourceTree = "<group>"; };
		B9CC49CA1FAAAABA007FD7C8 /* BuyerTVController.swift */ = {isa = PBXFileReference; lastKnownFileType = sourcecode.swift; path = BuyerTVController.swift; sourceTree = "<group>"; };
		B9CC49CC1FAAAFC2007FD7C8 /* buyerProducts.swift */ = {isa = PBXFileReference; lastKnownFileType = sourcecode.swift; path = buyerProducts.swift; sourceTree = "<group>"; };
		B9CC49CE1FAAB284007FD7C8 /* BuyersSearchTVCell.swift */ = {isa = PBXFileReference; lastKnownFileType = sourcecode.swift; path = BuyersSearchTVCell.swift; sourceTree = "<group>"; };
		B9CC49D01FAABB2E007FD7C8 /* BuyerProductsTVCell.swift */ = {isa = PBXFileReference; lastKnownFileType = sourcecode.swift; path = BuyerProductsTVCell.swift; sourceTree = "<group>"; };
		FBD92842A9E7521F26384138 /* Pods-Project3UITests.debug.xcconfig */ = {isa = PBXFileReference; includeInIndex = 1; lastKnownFileType = text.xcconfig; name = "Pods-Project3UITests.debug.xcconfig"; path = "Pods/Target Support Files/Pods-Project3UITests/Pods-Project3UITests.debug.xcconfig"; sourceTree = "<group>"; };
		FE0F8D4399553D82F3EE43EE /* Pods-Project3.release.xcconfig */ = {isa = PBXFileReference; includeInIndex = 1; lastKnownFileType = text.xcconfig; name = "Pods-Project3.release.xcconfig"; path = "Pods/Target Support Files/Pods-Project3/Pods-Project3.release.xcconfig"; sourceTree = "<group>"; };
/* End PBXFileReference section */

/* Begin PBXFrameworksBuildPhase section */
		0C0607E61F9D657700E9D0CE /* Frameworks */ = {
			isa = PBXFrameworksBuildPhase;
			buildActionMask = 2147483647;
			files = (
				B95B34411FB0F5CA000A7634 /* STRatingControl.framework in Frameworks */,
				E94D39A5619C36698DED4653 /* Pods_Project3.framework in Frameworks */,
			);
			runOnlyForDeploymentPostprocessing = 0;
		};
		0C0607FA1F9D657700E9D0CE /* Frameworks */ = {
			isa = PBXFrameworksBuildPhase;
			buildActionMask = 2147483647;
			files = (
				E333F17F756A75F5D968C464 /* Pods_Project3Tests.framework in Frameworks */,
			);
			runOnlyForDeploymentPostprocessing = 0;
		};
		0C0608051F9D657700E9D0CE /* Frameworks */ = {
			isa = PBXFrameworksBuildPhase;
			buildActionMask = 2147483647;
			files = (
				9CEDAD067703A54AF186E764 /* Pods_Project3UITests.framework in Frameworks */,
			);
			runOnlyForDeploymentPostprocessing = 0;
		};
/* End PBXFrameworksBuildPhase section */

/* Begin PBXGroup section */
		0C0607E01F9D657700E9D0CE = {
			isa = PBXGroup;
			children = (
				0C0607EB1F9D657700E9D0CE /* Project3 */,
				0C0608001F9D657700E9D0CE /* Project3Tests */,
				0C06080B1F9D657700E9D0CE /* Project3UITests */,
				0C0607EA1F9D657700E9D0CE /* Products */,
				7C43478A77B91615A823A96B /* Pods */,
				FD810C9A7D8524E54333C0F3 /* Frameworks */,
			);
			sourceTree = "<group>";
		};
		0C0607EA1F9D657700E9D0CE /* Products */ = {
			isa = PBXGroup;
			children = (
				0C0607E91F9D657700E9D0CE /* Project3.app */,
				0C0607FD1F9D657700E9D0CE /* Project3Tests.xctest */,
				0C0608081F9D657700E9D0CE /* Project3UITests.xctest */,
			);
			name = Products;
			sourceTree = "<group>";
		};
		0C0607EB1F9D657700E9D0CE /* Project3 */ = {
			isa = PBXGroup;
			children = (
				0C0607F01F9D657700E9D0CE /* Main.storyboard */,
				25642A911FB45E43003A393D /* NonVendorTViewCell.swift */,
				25642A8D1FB45E42003A393D /* NonVendorTViewCell.xib */,
				25642A931FB45E43003A393D /* VendorDetailsVC.swift */,
				25642A8C1FB45E41003A393D /* VendorHomeVC.swift */,
				25642A981FB45E45003A393D /* VendorImagesDetailCell.swift */,
				25642A941FB45E43003A393D /* VendorImagesDetailCell.xib */,
				25642A8F1FB45E42003A393D /* VendorMainDetailsCell.swift */,
				25642A8E1FB45E42003A393D /* VendorMainDetailsCell.xib */,
				25642A8B1FB45E41003A393D /* VendorReviewDetailsCell.swift */,
				25642A961FB45E44003A393D /* VendorReviewDetailsCell.xib */,
				25642A921FB45E43003A393D /* VendorSalesDetailTVCell.swift */,
				25642A951FB45E44003A393D /* VendorSalesDetailTVCell.xib */,
				25642A971FB45E44003A393D /* VendorTViewCell.swift */,
				25642A901FB45E42003A393D /* VendorTViewCell.xib */,
				25642A891FB45A73003A393D /* VendorTempViewController.swift */,
				0C0607EE1F9D657700E9D0CE /* StrawHatDataClasses.swift */,
				B95B34531FB246FC000A7634 /* MenuViewController.swift */,
				B95B34551FB27577000A7634 /* ProfileImageController.swift */,
				B95B344F1FB2404C000A7634 /* MenuCell.swift */,
				0C06081C1F9D7A8E00E9D0CE /* Project3.entitlements */,
				0C0607EC1F9D657700E9D0CE /* AppDelegate.swift */,
				B9CC49CE1FAAB284007FD7C8 /* BuyersSearchTVCell.swift */,
				0C141E831FB41C4D006E8926 /* Views */,
				B9CC49CC1FAAAFC2007FD7C8 /* buyerProducts.swift */,
				0C0607F31F9D657700E9D0CE /* Assets.xcassets */,
				0C0607F51F9D657700E9D0CE /* LaunchScreen.storyboard */,
				B95B344B1FB22F8D000A7634 /* SWRevealViewController.h */,
				B95B344A1FB22F8D000A7634 /* SWRevealViewController.m */,
				0C0607F81F9D657700E9D0CE /* Info.plist */,
				B95B34451FB125C7000A7634 /* GoogleService-Info.plist */,
				B95B34491FB22F8C000A7634 /* Project3-Bridging-Header.h */,
			);
			path = Project3;
			sourceTree = "<group>";
		};
		0C0608001F9D657700E9D0CE /* Project3Tests */ = {
			isa = PBXGroup;
			children = (
				0C0608011F9D657700E9D0CE /* Project3Tests.swift */,
				0C0608031F9D657700E9D0CE /* Info.plist */,
			);
			path = Project3Tests;
			sourceTree = "<group>";
		};
		0C06080B1F9D657700E9D0CE /* Project3UITests */ = {
			isa = PBXGroup;
			children = (
				0C06080C1F9D657700E9D0CE /* Project3UITests.swift */,
				0C06080E1F9D657700E9D0CE /* Info.plist */,
			);
			path = Project3UITests;
			sourceTree = "<group>";
		};
		0C141E831FB41C4D006E8926 /* Views */ = {
			isa = PBXGroup;
			children = (
				0C06081D1F9D7F6400E9D0CE /* SignInPageVC.swift */,
				B9CC49CA1FAAAABA007FD7C8 /* BuyerTVController.swift */,
				B9CC49D01FAABB2E007FD7C8 /* BuyerProductsTVCell.swift */,
				B95B343D1FB0E553000A7634 /* BuyerDetailVController.swift */,
				0C539ADA1FB502BA006CE063 /* ShoppingCartView */,
				0C539AD91FB50216006CE063 /* CheckoutView */,
			);
			path = Views;
			sourceTree = "<group>";
		};
		0C141E841FB41C51006E8926 /* ShoppingCartCustomCells */ = {
			isa = PBXGroup;
			children = (
				0C141E881FB41D44006E8926 /* NumberOfItemsCell.swift */,
				0C141E8C1FB41D57006E8926 /* ItemTableViewCell.swift */,
				0C141E901FB41D6C006E8926 /* CartDetailCell.swift */,
				0C141E941FB41D7A006E8926 /* CartTotalCell.swift */,
				0C141E981FB41D89006E8926 /* CheckOutButtonCell.swift */,
			);
			path = ShoppingCartCustomCells;
			sourceTree = "<group>";
		};
		0C141E871FB41D04006E8926 /* ShoppingCartXibs */ = {
			isa = PBXGroup;
			children = (
				0C141E891FB41D44006E8926 /* NumberOfItemsCell.xib */,
				0C141E8D1FB41D57006E8926 /* ItemTableViewCell.xib */,
				0C141E911FB41D6C006E8926 /* CartDetailCell.xib */,
				0C141E951FB41D7A006E8926 /* CartTotalCell.xib */,
				0C141E991FB41D89006E8926 /* CheckOutButtonCell.xib */,
			);
			path = ShoppingCartXibs;
			sourceTree = "<group>";
		};
		0C539AD71FB501E3006CE063 /* CheckoutCustomXibs */ = {
			isa = PBXGroup;
			children = (
				0C539ADE1FB50353006CE063 /* CheckoutTitleCell.xib */,
				0C539AE21FB50368006CE063 /* BillingInfoCell.xib */,
				0C539AE61FB5037E006CE063 /* CheckoutDetailCell.xib */,
				0C539AEA1FB50395006CE063 /* CheckoutTotalCell.xib */,
				0C539AEE1FB503A7006CE063 /* SubmitOrderButtonCell.xib */,
			);
			path = CheckoutCustomXibs;
			sourceTree = "<group>";
		};
		0C539AD81FB501ED006CE063 /* CheckoutCustomCells */ = {
			isa = PBXGroup;
			children = (
				0C539ADD1FB50353006CE063 /* CheckoutTitleCell.swift */,
				0C539AE11FB50368006CE063 /* BillingInfoCell.swift */,
				0C539AE51FB5037E006CE063 /* CheckoutDetailCell.swift */,
				0C539AE91FB50395006CE063 /* CheckoutTotalCell.swift */,
				0C539AED1FB503A7006CE063 /* SubmitOrderButtonCell.swift */,
			);
			path = CheckoutCustomCells;
			sourceTree = "<group>";
		};
		0C539AD91FB50216006CE063 /* CheckoutView */ = {
			isa = PBXGroup;
			children = (
				0C539ADB1FB502FE006CE063 /* CheckOutTableViewController.swift */,
				0C539AD81FB501ED006CE063 /* CheckoutCustomCells */,
				0C539AD71FB501E3006CE063 /* CheckoutCustomXibs */,
			);
			path = CheckoutView;
			sourceTree = "<group>";
		};
		0C539ADA1FB502BA006CE063 /* ShoppingCartView */ = {
			isa = PBXGroup;
			children = (
				0C141E851FB41CB4006E8926 /* ShoppingCartTableViewController.swift */,
				0C141E841FB41C51006E8926 /* ShoppingCartCustomCells */,
				0C141E871FB41D04006E8926 /* ShoppingCartXibs */,
			);
			path = ShoppingCartView;
			sourceTree = "<group>";
		};
		7C43478A77B91615A823A96B /* Pods */ = {
			isa = PBXGroup;
			children = (
				33EE7B2923ABA72DB3CE1314 /* Pods-Project3.debug.xcconfig */,
				FE0F8D4399553D82F3EE43EE /* Pods-Project3.release.xcconfig */,
				7AB5A50741839754C51080C2 /* Pods-Project3Tests.debug.xcconfig */,
				3DCAE049FD1DF606EE687A62 /* Pods-Project3Tests.release.xcconfig */,
				FBD92842A9E7521F26384138 /* Pods-Project3UITests.debug.xcconfig */,
				7A51F8F5BEA0D3FB5DDE57FE /* Pods-Project3UITests.release.xcconfig */,
			);
			name = Pods;
			sourceTree = "<group>";
		};
		FD810C9A7D8524E54333C0F3 /* Frameworks */ = {
			isa = PBXGroup;
			children = (
				B95B34421FB0F5CA000A7634 /* STRatingControl.framework */,
				8A2E32338371934815D13260 /* Pods_Project3.framework */,
				3A819E674E9D6E63757730A9 /* Pods_Project3Tests.framework */,
				62BA3F695E48A1C6E38554A0 /* Pods_Project3UITests.framework */,
			);
			name = Frameworks;
			sourceTree = "<group>";
		};
/* End PBXGroup section */

/* Begin PBXNativeTarget section */
		0C0607E81F9D657700E9D0CE /* Project3 */ = {
			isa = PBXNativeTarget;
			buildConfigurationList = 0C0608111F9D657700E9D0CE /* Build configuration list for PBXNativeTarget "Project3" */;
			buildPhases = (
				7011800403CD4C53B9D0D581 /* [CP] Check Pods Manifest.lock */,
				0C0607E51F9D657700E9D0CE /* Sources */,
				0C0607E61F9D657700E9D0CE /* Frameworks */,
				0C0607E71F9D657700E9D0CE /* Resources */,
				4421B2F445A56F4EB4D94487 /* [CP] Embed Pods Frameworks */,
				3F1EB8F37588AF191284FB5C /* [CP] Copy Pods Resources */,
			);
			buildRules = (
			);
			dependencies = (
			);
			name = Project3;
			productName = Project3;
			productReference = 0C0607E91F9D657700E9D0CE /* Project3.app */;
			productType = "com.apple.product-type.application";
		};
		0C0607FC1F9D657700E9D0CE /* Project3Tests */ = {
			isa = PBXNativeTarget;
			buildConfigurationList = 0C0608141F9D657700E9D0CE /* Build configuration list for PBXNativeTarget "Project3Tests" */;
			buildPhases = (
				1ABCF7A8B77F0E8E18DF3F3D /* [CP] Check Pods Manifest.lock */,
				0C0607F91F9D657700E9D0CE /* Sources */,
				0C0607FA1F9D657700E9D0CE /* Frameworks */,
				0C0607FB1F9D657700E9D0CE /* Resources */,
				1EEFC058B02EC782E8CE3505 /* [CP] Embed Pods Frameworks */,
				8A4A87405AEB761C1A27C069 /* [CP] Copy Pods Resources */,
			);
			buildRules = (
			);
			dependencies = (
				0C0607FF1F9D657700E9D0CE /* PBXTargetDependency */,
			);
			name = Project3Tests;
			productName = Project3Tests;
			productReference = 0C0607FD1F9D657700E9D0CE /* Project3Tests.xctest */;
			productType = "com.apple.product-type.bundle.unit-test";
		};
		0C0608071F9D657700E9D0CE /* Project3UITests */ = {
			isa = PBXNativeTarget;
			buildConfigurationList = 0C0608171F9D657700E9D0CE /* Build configuration list for PBXNativeTarget "Project3UITests" */;
			buildPhases = (
				F7B129EE470F0E2B599AF387 /* [CP] Check Pods Manifest.lock */,
				0C0608041F9D657700E9D0CE /* Sources */,
				0C0608051F9D657700E9D0CE /* Frameworks */,
				0C0608061F9D657700E9D0CE /* Resources */,
				5D765EF20A35566C453BA87B /* [CP] Embed Pods Frameworks */,
				9E1CD77ACA339D767DA1D2F5 /* [CP] Copy Pods Resources */,
			);
			buildRules = (
			);
			dependencies = (
				0C06080A1F9D657700E9D0CE /* PBXTargetDependency */,
			);
			name = Project3UITests;
			productName = Project3UITests;
			productReference = 0C0608081F9D657700E9D0CE /* Project3UITests.xctest */;
			productType = "com.apple.product-type.bundle.ui-testing";
		};
/* End PBXNativeTarget section */

/* Begin PBXProject section */
		0C0607E11F9D657700E9D0CE /* Project object */ = {
			isa = PBXProject;
			attributes = {
				LastSwiftUpdateCheck = 0900;
				LastUpgradeCheck = 0900;
				ORGANIZATIONNAME = "Sean Bukich";
				TargetAttributes = {
					0C0607E81F9D657700E9D0CE = {
						CreatedOnToolsVersion = 9.0;
						LastSwiftMigration = 0900;
						ProvisioningStyle = Automatic;
						SystemCapabilities = {
							com.apple.Keychain = {
								enabled = 1;
							};
						};
					};
					0C0607FC1F9D657700E9D0CE = {
						CreatedOnToolsVersion = 9.0;
						ProvisioningStyle = Automatic;
						TestTargetID = 0C0607E81F9D657700E9D0CE;
					};
					0C0608071F9D657700E9D0CE = {
						CreatedOnToolsVersion = 9.0;
						ProvisioningStyle = Automatic;
						TestTargetID = 0C0607E81F9D657700E9D0CE;
					};
				};
			};
			buildConfigurationList = 0C0607E41F9D657700E9D0CE /* Build configuration list for PBXProject "Project3" */;
			compatibilityVersion = "Xcode 8.0";
			developmentRegion = en;
			hasScannedForEncodings = 0;
			knownRegions = (
				en,
				Base,
			);
			mainGroup = 0C0607E01F9D657700E9D0CE;
			productRefGroup = 0C0607EA1F9D657700E9D0CE /* Products */;
			projectDirPath = "";
			projectRoot = "";
			targets = (
				0C0607E81F9D657700E9D0CE /* Project3 */,
				0C0607FC1F9D657700E9D0CE /* Project3Tests */,
				0C0608071F9D657700E9D0CE /* Project3UITests */,
			);
		};
/* End PBXProject section */

/* Begin PBXResourcesBuildPhase section */
		0C0607E71F9D657700E9D0CE /* Resources */ = {
			isa = PBXResourcesBuildPhase;
			buildActionMask = 2147483647;
			files = (
				0C141E971FB41D7A006E8926 /* CartTotalCell.xib in Resources */,
				25642A9E1FB45E45003A393D /* VendorTViewCell.xib in Resources */,
				25642AA41FB45E45003A393D /* VendorReviewDetailsCell.xib in Resources */,
				25642A9B1FB45E45003A393D /* NonVendorTViewCell.xib in Resources */,
				25642AA31FB45E45003A393D /* VendorSalesDetailTVCell.xib in Resources */,
				25642A9C1FB45E45003A393D /* VendorMainDetailsCell.xib in Resources */,
				0C539AF01FB503A7006CE063 /* SubmitOrderButtonCell.xib in Resources */,
				0C141E8B1FB41D44006E8926 /* NumberOfItemsCell.xib in Resources */,
				0C141E931FB41D6C006E8926 /* CartDetailCell.xib in Resources */,
				0C0607F71F9D657700E9D0CE /* LaunchScreen.storyboard in Resources */,
				0C0607F41F9D657700E9D0CE /* Assets.xcassets in Resources */,
				0C539AE81FB5037E006CE063 /* CheckoutDetailCell.xib in Resources */,
				25642AA21FB45E45003A393D /* VendorImagesDetailCell.xib in Resources */,
				0C539AE41FB50368006CE063 /* BillingInfoCell.xib in Resources */,
				B95B34461FB125C7000A7634 /* GoogleService-Info.plist in Resources */,
				0C141E9B1FB41D89006E8926 /* CheckOutButtonCell.xib in Resources */,
				0C539AEC1FB50395006CE063 /* CheckoutTotalCell.xib in Resources */,
				0C141E8F1FB41D57006E8926 /* ItemTableViewCell.xib in Resources */,
				0C539AE01FB50353006CE063 /* CheckoutTitleCell.xib in Resources */,
				0C0607F21F9D657700E9D0CE /* Main.storyboard in Resources */,
			);
			runOnlyForDeploymentPostprocessing = 0;
		};
		0C0607FB1F9D657700E9D0CE /* Resources */ = {
			isa = PBXResourcesBuildPhase;
			buildActionMask = 2147483647;
			files = (
			);
			runOnlyForDeploymentPostprocessing = 0;
		};
		0C0608061F9D657700E9D0CE /* Resources */ = {
			isa = PBXResourcesBuildPhase;
			buildActionMask = 2147483647;
			files = (
			);
			runOnlyForDeploymentPostprocessing = 0;
		};
/* End PBXResourcesBuildPhase section */

/* Begin PBXShellScriptBuildPhase section */
		1ABCF7A8B77F0E8E18DF3F3D /* [CP] Check Pods Manifest.lock */ = {
			isa = PBXShellScriptBuildPhase;
			buildActionMask = 2147483647;
			files = (
			);
			inputPaths = (
				"${PODS_PODFILE_DIR_PATH}/Podfile.lock",
				"${PODS_ROOT}/Manifest.lock",
			);
			name = "[CP] Check Pods Manifest.lock";
			outputPaths = (
				"$(DERIVED_FILE_DIR)/Pods-Project3Tests-checkManifestLockResult.txt",
			);
			runOnlyForDeploymentPostprocessing = 0;
			shellPath = /bin/sh;
			shellScript = "diff \"${PODS_PODFILE_DIR_PATH}/Podfile.lock\" \"${PODS_ROOT}/Manifest.lock\" > /dev/null\nif [ $? != 0 ] ; then\n    # print error to STDERR\n    echo \"error: The sandbox is not in sync with the Podfile.lock. Run 'pod install' or update your CocoaPods installation.\" >&2\n    exit 1\nfi\n# This output is used by Xcode 'outputs' to avoid re-running this script phase.\necho \"SUCCESS\" > \"${SCRIPT_OUTPUT_FILE_0}\"\n";
			showEnvVarsInLog = 0;
		};
		1EEFC058B02EC782E8CE3505 /* [CP] Embed Pods Frameworks */ = {
			isa = PBXShellScriptBuildPhase;
			buildActionMask = 2147483647;
			files = (
			);
			inputPaths = (
			);
			name = "[CP] Embed Pods Frameworks";
			outputPaths = (
			);
			runOnlyForDeploymentPostprocessing = 0;
			shellPath = /bin/sh;
			shellScript = "\"${SRCROOT}/Pods/Target Support Files/Pods-Project3Tests/Pods-Project3Tests-frameworks.sh\"\n";
			showEnvVarsInLog = 0;
		};
		3F1EB8F37588AF191284FB5C /* [CP] Copy Pods Resources */ = {
			isa = PBXShellScriptBuildPhase;
			buildActionMask = 2147483647;
			files = (
			);
			inputPaths = (
				"${SRCROOT}/Pods/Target Support Files/Pods-Project3/Pods-Project3-resources.sh",
				"${PODS_ROOT}/GoogleSignIn/Resources/GoogleSignIn.bundle",
			);
			name = "[CP] Copy Pods Resources";
			outputPaths = (
				"${TARGET_BUILD_DIR}/${UNLOCALIZED_RESOURCES_FOLDER_PATH}",
			);
			runOnlyForDeploymentPostprocessing = 0;
			shellPath = /bin/sh;
			shellScript = "\"${SRCROOT}/Pods/Target Support Files/Pods-Project3/Pods-Project3-resources.sh\"\n";
			showEnvVarsInLog = 0;
		};
		4421B2F445A56F4EB4D94487 /* [CP] Embed Pods Frameworks */ = {
			isa = PBXShellScriptBuildPhase;
			buildActionMask = 2147483647;
			files = (
			);
			inputPaths = (
				"${SRCROOT}/Pods/Target Support Files/Pods-Project3/Pods-Project3-frameworks.sh",
				"${BUILT_PRODUCTS_DIR}/Bolts/Bolts.framework",
				"${BUILT_PRODUCTS_DIR}/FBSDKCoreKit/FBSDKCoreKit.framework",
				"${BUILT_PRODUCTS_DIR}/FBSDKLoginKit/FBSDKLoginKit.framework",
				"${BUILT_PRODUCTS_DIR}/FBSDKShareKit/FBSDKShareKit.framework",
				"${BUILT_PRODUCTS_DIR}/GTMOAuth2/GTMOAuth2.framework",
				"${BUILT_PRODUCTS_DIR}/GTMSessionFetcher/GTMSessionFetcher.framework",
				"${BUILT_PRODUCTS_DIR}/GoogleToolboxForMac/GoogleToolboxForMac.framework",
				"${BUILT_PRODUCTS_DIR}/STRatingControl/STRatingControl.framework",
				"${BUILT_PRODUCTS_DIR}/leveldb-library/leveldb.framework",
				"${BUILT_PRODUCTS_DIR}/nanopb/nanopb.framework",
			);
			name = "[CP] Embed Pods Frameworks";
			outputPaths = (
				"${TARGET_BUILD_DIR}/${FRAMEWORKS_FOLDER_PATH}/Bolts.framework",
				"${TARGET_BUILD_DIR}/${FRAMEWORKS_FOLDER_PATH}/FBSDKCoreKit.framework",
				"${TARGET_BUILD_DIR}/${FRAMEWORKS_FOLDER_PATH}/FBSDKLoginKit.framework",
				"${TARGET_BUILD_DIR}/${FRAMEWORKS_FOLDER_PATH}/FBSDKShareKit.framework",
				"${TARGET_BUILD_DIR}/${FRAMEWORKS_FOLDER_PATH}/GTMOAuth2.framework",
				"${TARGET_BUILD_DIR}/${FRAMEWORKS_FOLDER_PATH}/GTMSessionFetcher.framework",
				"${TARGET_BUILD_DIR}/${FRAMEWORKS_FOLDER_PATH}/GoogleToolboxForMac.framework",
				"${TARGET_BUILD_DIR}/${FRAMEWORKS_FOLDER_PATH}/STRatingControl.framework",
				"${TARGET_BUILD_DIR}/${FRAMEWORKS_FOLDER_PATH}/leveldb.framework",
				"${TARGET_BUILD_DIR}/${FRAMEWORKS_FOLDER_PATH}/nanopb.framework",
			);
			runOnlyForDeploymentPostprocessing = 0;
			shellPath = /bin/sh;
			shellScript = "\"${SRCROOT}/Pods/Target Support Files/Pods-Project3/Pods-Project3-frameworks.sh\"\n";
			showEnvVarsInLog = 0;
		};
		5D765EF20A35566C453BA87B /* [CP] Embed Pods Frameworks */ = {
			isa = PBXShellScriptBuildPhase;
			buildActionMask = 2147483647;
			files = (
			);
			inputPaths = (
			);
			name = "[CP] Embed Pods Frameworks";
			outputPaths = (
			);
			runOnlyForDeploymentPostprocessing = 0;
			shellPath = /bin/sh;
			shellScript = "\"${SRCROOT}/Pods/Target Support Files/Pods-Project3UITests/Pods-Project3UITests-frameworks.sh\"\n";
			showEnvVarsInLog = 0;
		};
		7011800403CD4C53B9D0D581 /* [CP] Check Pods Manifest.lock */ = {
			isa = PBXShellScriptBuildPhase;
			buildActionMask = 2147483647;
			files = (
			);
			inputPaths = (
				"${PODS_PODFILE_DIR_PATH}/Podfile.lock",
				"${PODS_ROOT}/Manifest.lock",
			);
			name = "[CP] Check Pods Manifest.lock";
			outputPaths = (
				"$(DERIVED_FILE_DIR)/Pods-Project3-checkManifestLockResult.txt",
			);
			runOnlyForDeploymentPostprocessing = 0;
			shellPath = /bin/sh;
			shellScript = "diff \"${PODS_PODFILE_DIR_PATH}/Podfile.lock\" \"${PODS_ROOT}/Manifest.lock\" > /dev/null\nif [ $? != 0 ] ; then\n    # print error to STDERR\n    echo \"error: The sandbox is not in sync with the Podfile.lock. Run 'pod install' or update your CocoaPods installation.\" >&2\n    exit 1\nfi\n# This output is used by Xcode 'outputs' to avoid re-running this script phase.\necho \"SUCCESS\" > \"${SCRIPT_OUTPUT_FILE_0}\"\n";
			showEnvVarsInLog = 0;
		};
		8A4A87405AEB761C1A27C069 /* [CP] Copy Pods Resources */ = {
			isa = PBXShellScriptBuildPhase;
			buildActionMask = 2147483647;
			files = (
			);
			inputPaths = (
			);
			name = "[CP] Copy Pods Resources";
			outputPaths = (
			);
			runOnlyForDeploymentPostprocessing = 0;
			shellPath = /bin/sh;
			shellScript = "\"${SRCROOT}/Pods/Target Support Files/Pods-Project3Tests/Pods-Project3Tests-resources.sh\"\n";
			showEnvVarsInLog = 0;
		};
		9E1CD77ACA339D767DA1D2F5 /* [CP] Copy Pods Resources */ = {
			isa = PBXShellScriptBuildPhase;
			buildActionMask = 2147483647;
			files = (
			);
			inputPaths = (
			);
			name = "[CP] Copy Pods Resources";
			outputPaths = (
			);
			runOnlyForDeploymentPostprocessing = 0;
			shellPath = /bin/sh;
			shellScript = "\"${SRCROOT}/Pods/Target Support Files/Pods-Project3UITests/Pods-Project3UITests-resources.sh\"\n";
			showEnvVarsInLog = 0;
		};
		F7B129EE470F0E2B599AF387 /* [CP] Check Pods Manifest.lock */ = {
			isa = PBXShellScriptBuildPhase;
			buildActionMask = 2147483647;
			files = (
			);
			inputPaths = (
				"${PODS_PODFILE_DIR_PATH}/Podfile.lock",
				"${PODS_ROOT}/Manifest.lock",
			);
			name = "[CP] Check Pods Manifest.lock";
			outputPaths = (
				"$(DERIVED_FILE_DIR)/Pods-Project3UITests-checkManifestLockResult.txt",
			);
			runOnlyForDeploymentPostprocessing = 0;
			shellPath = /bin/sh;
			shellScript = "diff \"${PODS_PODFILE_DIR_PATH}/Podfile.lock\" \"${PODS_ROOT}/Manifest.lock\" > /dev/null\nif [ $? != 0 ] ; then\n    # print error to STDERR\n    echo \"error: The sandbox is not in sync with the Podfile.lock. Run 'pod install' or update your CocoaPods installation.\" >&2\n    exit 1\nfi\n# This output is used by Xcode 'outputs' to avoid re-running this script phase.\necho \"SUCCESS\" > \"${SCRIPT_OUTPUT_FILE_0}\"\n";
			showEnvVarsInLog = 0;
		};
/* End PBXShellScriptBuildPhase section */

/* Begin PBXSourcesBuildPhase section */
		0C0607E51F9D657700E9D0CE /* Sources */ = {
			isa = PBXSourcesBuildPhase;
			buildActionMask = 2147483647;
			files = (
				25642AA61FB45E45003A393D /* VendorImagesDetailCell.swift in Sources */,
				0C141E8A1FB41D44006E8926 /* NumberOfItemsCell.swift in Sources */,
				0C0607EF1F9D657700E9D0CE /* StrawHatDataClasses.swift in Sources */,
				25642A9F1FB45E45003A393D /* NonVendorTViewCell.swift in Sources */,
				25642AA01FB45E45003A393D /* VendorSalesDetailTVCell.swift in Sources */,
				B9CC49CF1FAAB284007FD7C8 /* BuyersSearchTVCell.swift in Sources */,
				25642A8A1FB45A73003A393D /* VendorTempViewController.swift in Sources */,
				0C539ADC1FB502FE006CE063 /* CheckOutTableViewController.swift in Sources */,
				B9CC49D11FAABB2E007FD7C8 /* BuyerProductsTVCell.swift in Sources */,
				25642AA11FB45E45003A393D /* VendorDetailsVC.swift in Sources */,
				B95B343E1FB0E553000A7634 /* BuyerDetailVController.swift in Sources */,
				0C0607ED1F9D657700E9D0CE /* AppDelegate.swift in Sources */,
				0C539AEB1FB50395006CE063 /* CheckoutTotalCell.swift in Sources */,
				25642A9D1FB45E45003A393D /* VendorMainDetailsCell.swift in Sources */,
				B95B34501FB2404C000A7634 /* MenuCell.swift in Sources */,
				0C141E8E1FB41D57006E8926 /* ItemTableViewCell.swift in Sources */,
				B95B34541FB246FC000A7634 /* MenuViewController.swift in Sources */,
				25642A991FB45E45003A393D /* VendorReviewDetailsCell.swift in Sources */,
				0C141E9A1FB41D89006E8926 /* CheckOutButtonCell.swift in Sources */,
				25642A9A1FB45E45003A393D /* VendorHomeVC.swift in Sources */,
				0C141E961FB41D7A006E8926 /* CartTotalCell.swift in Sources */,
				B95B344C1FB22F8D000A7634 /* SWRevealViewController.m in Sources */,
				0C06081E1F9D7F6400E9D0CE /* SignInPageVC.swift in Sources */,
				0C539AEF1FB503A7006CE063 /* SubmitOrderButtonCell.swift in Sources */,
				B9CC49CB1FAAAABA007FD7C8 /* BuyerTVController.swift in Sources */,
				0C141E921FB41D6C006E8926 /* CartDetailCell.swift in Sources */,
				B9CC49CD1FAAAFC2007FD7C8 /* buyerProducts.swift in Sources */,
				B95B34561FB27577000A7634 /* ProfileImageController.swift in Sources */,
				0C539AE71FB5037E006CE063 /* CheckoutDetailCell.swift in Sources */,
				0C141E861FB41CB4006E8926 /* ShoppingCartTableViewController.swift in Sources */,
				0C539AE31FB50368006CE063 /* BillingInfoCell.swift in Sources */,
				0C539ADF1FB50353006CE063 /* CheckoutTitleCell.swift in Sources */,
				25642AA51FB45E45003A393D /* VendorTViewCell.swift in Sources */,
			);
			runOnlyForDeploymentPostprocessing = 0;
		};
		0C0607F91F9D657700E9D0CE /* Sources */ = {
			isa = PBXSourcesBuildPhase;
			buildActionMask = 2147483647;
			files = (
				0C0608021F9D657700E9D0CE /* Project3Tests.swift in Sources */,
			);
			runOnlyForDeploymentPostprocessing = 0;
		};
		0C0608041F9D657700E9D0CE /* Sources */ = {
			isa = PBXSourcesBuildPhase;
			buildActionMask = 2147483647;
			files = (
				0C06080D1F9D657700E9D0CE /* Project3UITests.swift in Sources */,
			);
			runOnlyForDeploymentPostprocessing = 0;
		};
/* End PBXSourcesBuildPhase section */

/* Begin PBXTargetDependency section */
		0C0607FF1F9D657700E9D0CE /* PBXTargetDependency */ = {
			isa = PBXTargetDependency;
			target = 0C0607E81F9D657700E9D0CE /* Project3 */;
			targetProxy = 0C0607FE1F9D657700E9D0CE /* PBXContainerItemProxy */;
		};
		0C06080A1F9D657700E9D0CE /* PBXTargetDependency */ = {
			isa = PBXTargetDependency;
			target = 0C0607E81F9D657700E9D0CE /* Project3 */;
			targetProxy = 0C0608091F9D657700E9D0CE /* PBXContainerItemProxy */;
		};
/* End PBXTargetDependency section */

/* Begin PBXVariantGroup section */
		0C0607F01F9D657700E9D0CE /* Main.storyboard */ = {
			isa = PBXVariantGroup;
			children = (
				0C0607F11F9D657700E9D0CE /* Base */,
			);
			name = Main.storyboard;
			sourceTree = "<group>";
		};
		0C0607F51F9D657700E9D0CE /* LaunchScreen.storyboard */ = {
			isa = PBXVariantGroup;
			children = (
				0C0607F61F9D657700E9D0CE /* Base */,
			);
			name = LaunchScreen.storyboard;
			sourceTree = "<group>";
		};
/* End PBXVariantGroup section */

/* Begin XCBuildConfiguration section */
		0C06080F1F9D657700E9D0CE /* Debug */ = {
			isa = XCBuildConfiguration;
			buildSettings = {
				ALWAYS_SEARCH_USER_PATHS = NO;
				CLANG_ANALYZER_NONNULL = YES;
				CLANG_ANALYZER_NUMBER_OBJECT_CONVERSION = YES_AGGRESSIVE;
				CLANG_CXX_LANGUAGE_STANDARD = "gnu++14";
				CLANG_CXX_LIBRARY = "libc++";
				CLANG_ENABLE_MODULES = YES;
				CLANG_ENABLE_OBJC_ARC = YES;
				CLANG_WARN_BLOCK_CAPTURE_AUTORELEASING = YES;
				CLANG_WARN_BOOL_CONVERSION = YES;
				CLANG_WARN_COMMA = YES;
				CLANG_WARN_CONSTANT_CONVERSION = YES;
				CLANG_WARN_DIRECT_OBJC_ISA_USAGE = YES_ERROR;
				CLANG_WARN_DOCUMENTATION_COMMENTS = YES;
				CLANG_WARN_EMPTY_BODY = YES;
				CLANG_WARN_ENUM_CONVERSION = YES;
				CLANG_WARN_INFINITE_RECURSION = YES;
				CLANG_WARN_INT_CONVERSION = YES;
				CLANG_WARN_NON_LITERAL_NULL_CONVERSION = YES;
				CLANG_WARN_OBJC_LITERAL_CONVERSION = YES;
				CLANG_WARN_OBJC_ROOT_CLASS = YES_ERROR;
				CLANG_WARN_RANGE_LOOP_ANALYSIS = YES;
				CLANG_WARN_STRICT_PROTOTYPES = YES;
				CLANG_WARN_SUSPICIOUS_MOVE = YES;
				CLANG_WARN_UNGUARDED_AVAILABILITY = YES_AGGRESSIVE;
				CLANG_WARN_UNREACHABLE_CODE = YES;
				CLANG_WARN__DUPLICATE_METHOD_MATCH = YES;
				CODE_SIGN_IDENTITY = "iPhone Developer";
				COPY_PHASE_STRIP = NO;
				DEBUG_INFORMATION_FORMAT = dwarf;
				ENABLE_STRICT_OBJC_MSGSEND = YES;
				ENABLE_TESTABILITY = YES;
				GCC_C_LANGUAGE_STANDARD = gnu11;
				GCC_DYNAMIC_NO_PIC = NO;
				GCC_NO_COMMON_BLOCKS = YES;
				GCC_OPTIMIZATION_LEVEL = 0;
				GCC_PREPROCESSOR_DEFINITIONS = (
					"DEBUG=1",
					"$(inherited)",
				);
				GCC_WARN_64_TO_32_BIT_CONVERSION = YES;
				GCC_WARN_ABOUT_RETURN_TYPE = YES_ERROR;
				GCC_WARN_UNDECLARED_SELECTOR = YES;
				GCC_WARN_UNINITIALIZED_AUTOS = YES_AGGRESSIVE;
				GCC_WARN_UNUSED_FUNCTION = YES;
				GCC_WARN_UNUSED_VARIABLE = YES;
				IPHONEOS_DEPLOYMENT_TARGET = 11.0;
				MTL_ENABLE_DEBUG_INFO = YES;
				ONLY_ACTIVE_ARCH = YES;
				SDKROOT = iphoneos;
				SWIFT_ACTIVE_COMPILATION_CONDITIONS = DEBUG;
				SWIFT_OPTIMIZATION_LEVEL = "-Onone";
			};
			name = Debug;
		};
		0C0608101F9D657700E9D0CE /* Release */ = {
			isa = XCBuildConfiguration;
			buildSettings = {
				ALWAYS_SEARCH_USER_PATHS = NO;
				CLANG_ANALYZER_NONNULL = YES;
				CLANG_ANALYZER_NUMBER_OBJECT_CONVERSION = YES_AGGRESSIVE;
				CLANG_CXX_LANGUAGE_STANDARD = "gnu++14";
				CLANG_CXX_LIBRARY = "libc++";
				CLANG_ENABLE_MODULES = YES;
				CLANG_ENABLE_OBJC_ARC = YES;
				CLANG_WARN_BLOCK_CAPTURE_AUTORELEASING = YES;
				CLANG_WARN_BOOL_CONVERSION = YES;
				CLANG_WARN_COMMA = YES;
				CLANG_WARN_CONSTANT_CONVERSION = YES;
				CLANG_WARN_DIRECT_OBJC_ISA_USAGE = YES_ERROR;
				CLANG_WARN_DOCUMENTATION_COMMENTS = YES;
				CLANG_WARN_EMPTY_BODY = YES;
				CLANG_WARN_ENUM_CONVERSION = YES;
				CLANG_WARN_INFINITE_RECURSION = YES;
				CLANG_WARN_INT_CONVERSION = YES;
				CLANG_WARN_NON_LITERAL_NULL_CONVERSION = YES;
				CLANG_WARN_OBJC_LITERAL_CONVERSION = YES;
				CLANG_WARN_OBJC_ROOT_CLASS = YES_ERROR;
				CLANG_WARN_RANGE_LOOP_ANALYSIS = YES;
				CLANG_WARN_STRICT_PROTOTYPES = YES;
				CLANG_WARN_SUSPICIOUS_MOVE = YES;
				CLANG_WARN_UNGUARDED_AVAILABILITY = YES_AGGRESSIVE;
				CLANG_WARN_UNREACHABLE_CODE = YES;
				CLANG_WARN__DUPLICATE_METHOD_MATCH = YES;
				CODE_SIGN_IDENTITY = "iPhone Developer";
				COPY_PHASE_STRIP = NO;
				DEBUG_INFORMATION_FORMAT = "dwarf-with-dsym";
				ENABLE_NS_ASSERTIONS = NO;
				ENABLE_STRICT_OBJC_MSGSEND = YES;
				GCC_C_LANGUAGE_STANDARD = gnu11;
				GCC_NO_COMMON_BLOCKS = YES;
				GCC_WARN_64_TO_32_BIT_CONVERSION = YES;
				GCC_WARN_ABOUT_RETURN_TYPE = YES_ERROR;
				GCC_WARN_UNDECLARED_SELECTOR = YES;
				GCC_WARN_UNINITIALIZED_AUTOS = YES_AGGRESSIVE;
				GCC_WARN_UNUSED_FUNCTION = YES;
				GCC_WARN_UNUSED_VARIABLE = YES;
				IPHONEOS_DEPLOYMENT_TARGET = 11.0;
				MTL_ENABLE_DEBUG_INFO = NO;
				SDKROOT = iphoneos;
				SWIFT_OPTIMIZATION_LEVEL = "-Owholemodule";
				VALIDATE_PRODUCT = YES;
			};
			name = Release;
		};
		0C0608121F9D657700E9D0CE /* Debug */ = {
			isa = XCBuildConfiguration;
			baseConfigurationReference = 33EE7B2923ABA72DB3CE1314 /* Pods-Project3.debug.xcconfig */;
			buildSettings = {
				ASSETCATALOG_COMPILER_APPICON_NAME = AppIcon;
				CLANG_ENABLE_MODULES = YES;
				CODE_SIGN_ENTITLEMENTS = Project3/Project3.entitlements;
				CODE_SIGN_STYLE = Automatic;
				DEVELOPMENT_TEAM = LEL252FGHH;
				INFOPLIST_FILE = Project3/Info.plist;
				LD_RUNPATH_SEARCH_PATHS = "$(inherited) @executable_path/Frameworks";
				PRODUCT_BUNDLE_IDENTIFIER = rw.sean.gettingstarted;
				PRODUCT_NAME = "$(TARGET_NAME)";
				SWIFT_OBJC_BRIDGING_HEADER = "Project3/Project3-Bridging-Header.h";
				SWIFT_OPTIMIZATION_LEVEL = "-Onone";
				SWIFT_VERSION = 4.0;
				TARGETED_DEVICE_FAMILY = "1,2";
			};
			name = Debug;
		};
		0C0608131F9D657700E9D0CE /* Release */ = {
			isa = XCBuildConfiguration;
			baseConfigurationReference = FE0F8D4399553D82F3EE43EE /* Pods-Project3.release.xcconfig */;
			buildSettings = {
				ASSETCATALOG_COMPILER_APPICON_NAME = AppIcon;
				CLANG_ENABLE_MODULES = YES;
				CODE_SIGN_ENTITLEMENTS = Project3/Project3.entitlements;
				CODE_SIGN_STYLE = Automatic;
				DEVELOPMENT_TEAM = LEL252FGHH;
				INFOPLIST_FILE = Project3/Info.plist;
				LD_RUNPATH_SEARCH_PATHS = "$(inherited) @executable_path/Frameworks";
				PRODUCT_BUNDLE_IDENTIFIER = rw.sean.gettingstarted;
				PRODUCT_NAME = "$(TARGET_NAME)";
				SWIFT_OBJC_BRIDGING_HEADER = "Project3/Project3-Bridging-Header.h";
				SWIFT_VERSION = 4.0;
				TARGETED_DEVICE_FAMILY = "1,2";
			};
			name = Release;
		};
		0C0608151F9D657700E9D0CE /* Debug */ = {
			isa = XCBuildConfiguration;
			baseConfigurationReference = 7AB5A50741839754C51080C2 /* Pods-Project3Tests.debug.xcconfig */;
			buildSettings = {
				ALWAYS_EMBED_SWIFT_STANDARD_LIBRARIES = YES;
				BUNDLE_LOADER = "$(TEST_HOST)";
				CODE_SIGN_STYLE = Automatic;
				INFOPLIST_FILE = Project3Tests/Info.plist;
				LD_RUNPATH_SEARCH_PATHS = "$(inherited) @executable_path/Frameworks @loader_path/Frameworks";
				PRODUCT_BUNDLE_IDENTIFIER = com.teamtreehouse.Project3Tests;
				PRODUCT_NAME = "$(TARGET_NAME)";
				SWIFT_VERSION = 4.0;
				TARGETED_DEVICE_FAMILY = "1,2";
				TEST_HOST = "$(BUILT_PRODUCTS_DIR)/Project3.app/Project3";
			};
			name = Debug;
		};
		0C0608161F9D657700E9D0CE /* Release */ = {
			isa = XCBuildConfiguration;
			baseConfigurationReference = 3DCAE049FD1DF606EE687A62 /* Pods-Project3Tests.release.xcconfig */;
			buildSettings = {
				ALWAYS_EMBED_SWIFT_STANDARD_LIBRARIES = YES;
				BUNDLE_LOADER = "$(TEST_HOST)";
				CODE_SIGN_STYLE = Automatic;
				INFOPLIST_FILE = Project3Tests/Info.plist;
				LD_RUNPATH_SEARCH_PATHS = "$(inherited) @executable_path/Frameworks @loader_path/Frameworks";
				PRODUCT_BUNDLE_IDENTIFIER = com.teamtreehouse.Project3Tests;
				PRODUCT_NAME = "$(TARGET_NAME)";
				SWIFT_VERSION = 4.0;
				TARGETED_DEVICE_FAMILY = "1,2";
				TEST_HOST = "$(BUILT_PRODUCTS_DIR)/Project3.app/Project3";
			};
			name = Release;
		};
		0C0608181F9D657700E9D0CE /* Debug */ = {
			isa = XCBuildConfiguration;
			baseConfigurationReference = FBD92842A9E7521F26384138 /* Pods-Project3UITests.debug.xcconfig */;
			buildSettings = {
				ALWAYS_EMBED_SWIFT_STANDARD_LIBRARIES = YES;
				CODE_SIGN_STYLE = Automatic;
				INFOPLIST_FILE = Project3UITests/Info.plist;
				LD_RUNPATH_SEARCH_PATHS = "$(inherited) @executable_path/Frameworks @loader_path/Frameworks";
				PRODUCT_BUNDLE_IDENTIFIER = com.teamtreehouse.Project3UITests;
				PRODUCT_NAME = "$(TARGET_NAME)";
				SWIFT_VERSION = 4.0;
				TARGETED_DEVICE_FAMILY = "1,2";
				TEST_TARGET_NAME = Project3;
			};
			name = Debug;
		};
		0C0608191F9D657700E9D0CE /* Release */ = {
			isa = XCBuildConfiguration;
			baseConfigurationReference = 7A51F8F5BEA0D3FB5DDE57FE /* Pods-Project3UITests.release.xcconfig */;
			buildSettings = {
				ALWAYS_EMBED_SWIFT_STANDARD_LIBRARIES = YES;
				CODE_SIGN_STYLE = Automatic;
				INFOPLIST_FILE = Project3UITests/Info.plist;
				LD_RUNPATH_SEARCH_PATHS = "$(inherited) @executable_path/Frameworks @loader_path/Frameworks";
				PRODUCT_BUNDLE_IDENTIFIER = com.teamtreehouse.Project3UITests;
				PRODUCT_NAME = "$(TARGET_NAME)";
				SWIFT_VERSION = 4.0;
				TARGETED_DEVICE_FAMILY = "1,2";
				TEST_TARGET_NAME = Project3;
			};
			name = Release;
		};
/* End XCBuildConfiguration section */

/* Begin XCConfigurationList section */
		0C0607E41F9D657700E9D0CE /* Build configuration list for PBXProject "Project3" */ = {
			isa = XCConfigurationList;
			buildConfigurations = (
				0C06080F1F9D657700E9D0CE /* Debug */,
				0C0608101F9D657700E9D0CE /* Release */,
			);
			defaultConfigurationIsVisible = 0;
			defaultConfigurationName = Release;
		};
		0C0608111F9D657700E9D0CE /* Build configuration list for PBXNativeTarget "Project3" */ = {
			isa = XCConfigurationList;
			buildConfigurations = (
				0C0608121F9D657700E9D0CE /* Debug */,
				0C0608131F9D657700E9D0CE /* Release */,
			);
			defaultConfigurationIsVisible = 0;
			defaultConfigurationName = Release;
		};
		0C0608141F9D657700E9D0CE /* Build configuration list for PBXNativeTarget "Project3Tests" */ = {
			isa = XCConfigurationList;
			buildConfigurations = (
				0C0608151F9D657700E9D0CE /* Debug */,
				0C0608161F9D657700E9D0CE /* Release */,
			);
			defaultConfigurationIsVisible = 0;
			defaultConfigurationName = Release;
		};
		0C0608171F9D657700E9D0CE /* Build configuration list for PBXNativeTarget "Project3UITests" */ = {
			isa = XCConfigurationList;
			buildConfigurations = (
				0C0608181F9D657700E9D0CE /* Debug */,
				0C0608191F9D657700E9D0CE /* Release */,
			);
			defaultConfigurationIsVisible = 0;
			defaultConfigurationName = Release;
		};
/* End XCConfigurationList section */
	};
	rootObject = 0C0607E11F9D657700E9D0CE /* Project object */;
}
